
Microsoft Visual Studio Solution File, Format Version 12.00
# Visual Studio Version 17
VisualStudioVersion = 17.9.34723.18
MinimumVisualStudioVersion = 10.0.40219.1
Project("{FAE04EC0-301F-11D3-BF4B-00C04F79EFBC}") = "EnumConcepts", "EnumConcepts\EnumConcepts.csproj", "{0141B79A-F949-4338-8BDF-BC323D46324B}"
EndProject
Global
	GlobalSection(SolutionConfigurationPlatforms) = preSolution
		Debug|Any CPU = Debug|Any CPU
		Release|Any CPU = Release|Any CPU
	EndGlobalSection
	GlobalSection(ProjectConfigurationPlatforms) = postSolution
		{0141B79A-F949-4338-8BDF-BC323D46324B}.Debug|Any CPU.ActiveCfg = Debug|Any CPU
		{0141B79A-F949-4338-8BDF-BC323D46324B}.Debug|Any CPU.Build.0 = Debug|Any CPU
		{0141B79A-F949-4338-8BDF-BC323D46324B}.Release|Any CPU.ActiveCfg = Release|Any CPU
		{0141B79A-F949-4338-8BDF-BC323D46324B}.Release|Any CPU.Build.0 = Release|Any CPU
	EndGlobalSection
	GlobalSection(SolutionProperties) = preSolution
		HideSolutionNode = FALSE
	EndGlobalSection
	GlobalSection(ExtensibilityGlobals) = postSolution
		SolutionGuid = {EAD2B646-FCD7-4500-942F-34DB7208BC0A}
	EndGlobalSection
EndGlobal
